
Microsoft Visual Studio Solution File, Format Version 12.00
# Visual Studio 14
VisualStudioVersion = 14.0.24720.0
MinimumVisualStudioVersion = 10.0.40219.1
Project("{FAE04EC0-301F-11D3-BF4B-00C04F79EFBC}") = "dbserver", "dbserver.csproj", "{7A061AD3-9A6A-427F-8321-DEF2FDD91497}"
EndProject
Project("{FAE04EC0-301F-11D3-BF4B-00C04F79EFBC}") = "DBHost", "..\DBHost\DBHost.csproj", "{F2F34B91-1A0D-4C81-8182-176DF99F7092}"
EndProject
Project("{FAE04EC0-301F-11D3-BF4B-00C04F79EFBC}") = "gserver", "gserver\gserver.csproj", "{53746677-0C9C-4AB9-9666-8F8E39F30D33}"
EndProject
Global
	GlobalSection(SolutionConfigurationPlatforms) = preSolution
		Debug|Any CPU = Debug|Any CPU
		Release|Any CPU = Release|Any CPU
	EndGlobalSection
	GlobalSection(ProjectConfigurationPlatforms) = postSolution
		{7A061AD3-9A6A-427F-8321-DEF2FDD91497}.Debug|Any CPU.ActiveCfg = Debug|Any CPU
		{7A061AD3-9A6A-427F-8321-DEF2FDD91497}.Debug|Any CPU.Build.0 = Debug|Any CPU
		{7A061AD3-9A6A-427F-8321-DEF2FDD91497}.Release|Any CPU.ActiveCfg = Release|Any CPU
		{7A061AD3-9A6A-427F-8321-DEF2FDD91497}.Release|Any CPU.Build.0 = Release|Any CPU
		{F2F34B91-1A0D-4C81-8182-176DF99F7092}.Debug|Any CPU.ActiveCfg = Debug|Any CPU
		{F2F34B91-1A0D-4C81-8182-176DF99F7092}.Debug|Any CPU.Build.0 = Debug|Any CPU
		{F2F34B91-1A0D-4C81-8182-176DF99F7092}.Release|Any CPU.ActiveCfg = Release|Any CPU
		{F2F34B91-1A0D-4C81-8182-176DF99F7092}.Release|Any CPU.Build.0 = Release|Any CPU
		{53746677-0C9C-4AB9-9666-8F8E39F30D33}.Debug|Any CPU.ActiveCfg = Debug|Any CPU
		{53746677-0C9C-4AB9-9666-8F8E39F30D33}.Debug|Any CPU.Build.0 = Debug|Any CPU
		{53746677-0C9C-4AB9-9666-8F8E39F30D33}.Release|Any CPU.ActiveCfg = Release|Any CPU
		{53746677-0C9C-4AB9-9666-8F8E39F30D33}.Release|Any CPU.Build.0 = Release|Any CPU
	EndGlobalSection
	GlobalSection(SolutionProperties) = preSolution
		HideSolutionNode = FALSE
	EndGlobalSection
EndGlobal
